<?xml version="1.0" encoding="utf-8"?>
<Project ToolsVersion="4.0" xmlns="http://schemas.microsoft.com/developer/msbuild/2003">
  <ItemGroup>
    <ClCompile Include="Program.cpp" />
    <ClCompile Include="..\LodePNG\lodepng.cpp" />
  </ItemGroup>
  <ItemGroup>
    <ClInclude Include="..\LodePNG\lodepng.h" />
  </ItemGroup>
</Project>